
Microsoft Visual Studio Solution File, Format Version 12.00
# Visual Studio Version 17
VisualStudioVersion = 17.7.34024.191
MinimumVisualStudioVersion = 10.0.40219.1
Project("{FAE04EC0-301F-11D3-BF4B-00C04F79EFBC}") = "L1MLGJ2002423", "L1MLGJ2002423\L1MLGJ2002423.csproj", "{9093EF76-E8BE-4001-B5DC-503A510E2A54}"
EndProject
Global
	GlobalSection(SolutionConfigurationPlatforms) = preSolution
		Debug|Any CPU = Debug|Any CPU
		Release|Any CPU = Release|Any CPU
	EndGlobalSection
	GlobalSection(ProjectConfigurationPlatforms) = postSolution
		{9093EF76-E8BE-4001-B5DC-503A510E2A54}.Debug|Any CPU.ActiveCfg = Debug|Any CPU
		{9093EF76-E8BE-4001-B5DC-503A510E2A54}.Debug|Any CPU.Build.0 = Debug|Any CPU
		{9093EF76-E8BE-4001-B5DC-503A510E2A54}.Release|Any CPU.ActiveCfg = Release|Any CPU
		{9093EF76-E8BE-4001-B5DC-503A510E2A54}.Release|Any CPU.Build.0 = Release|Any CPU
	EndGlobalSection
	GlobalSection(SolutionProperties) = preSolution
		HideSolutionNode = FALSE
	EndGlobalSection
	GlobalSection(ExtensibilityGlobals) = postSolution
		SolutionGuid = {A93B44DA-EF10-426F-BE4E-A0D9DD79C4EE}
	EndGlobalSection
EndGlobal
