
Microsoft Visual Studio Solution File, Format Version 12.00
# Visual Studio Version 17
VisualStudioVersion = 17.7.34024.191
MinimumVisualStudioVersion = 10.0.40219.1
Project("{FAE04EC0-301F-11D3-BF4B-00C04F79EFBC}") = "L10_MLGJ_2002423", "L10_MLGJ_2002423\L10_MLGJ_2002423.csproj", "{24AA9842-7482-4A1A-8AAD-1566056FA56F}"
EndProject
Global
	GlobalSection(SolutionConfigurationPlatforms) = preSolution
		Debug|Any CPU = Debug|Any CPU
		Release|Any CPU = Release|Any CPU
	EndGlobalSection
	GlobalSection(ProjectConfigurationPlatforms) = postSolution
		{24AA9842-7482-4A1A-8AAD-1566056FA56F}.Debug|Any CPU.ActiveCfg = Debug|Any CPU
		{24AA9842-7482-4A1A-8AAD-1566056FA56F}.Debug|Any CPU.Build.0 = Debug|Any CPU
		{24AA9842-7482-4A1A-8AAD-1566056FA56F}.Release|Any CPU.ActiveCfg = Release|Any CPU
		{24AA9842-7482-4A1A-8AAD-1566056FA56F}.Release|Any CPU.Build.0 = Release|Any CPU
	EndGlobalSection
	GlobalSection(SolutionProperties) = preSolution
		HideSolutionNode = FALSE
	EndGlobalSection
	GlobalSection(ExtensibilityGlobals) = postSolution
		SolutionGuid = {DB71FE61-94E8-449E-828C-3185F1A8039A}
	EndGlobalSection
EndGlobal
